// !$*UTF8*$!
{
	archiveVersion = 1;
	classes = {
	};
	objectVersion = 50;
	objects = {

/* Begin PBXBuildFile section */
		B028E88D21F73F2B0049668C /* AppDelegate.m in Sources */ = {isa = PBXBuildFile; fileRef = B028E88C21F73F2B0049668C /* AppDelegate.m */; };
		B028E89021F73F2B0049668C /* ViewController.m in Sources */ = {isa = PBXBuildFile; fileRef = B028E88F21F73F2B0049668C /* ViewController.m */; };
		B028E89321F73F2B0049668C /* Main.storyboard in Resources */ = {isa = PBXBuildFile; fileRef = B028E89121F73F2B0049668C /* Main.storyboard */; };
		B028E89521F73F2C0049668C /* Assets.xcassets in Resources */ = {isa = PBXBuildFile; fileRef = B028E89421F73F2C0049668C /* Assets.xcassets */; };
		B028E89821F73F2C0049668C /* LaunchScreen.storyboard in Resources */ = {isa = PBXBuildFile; fileRef = B028E89621F73F2C0049668C /* LaunchScreen.storyboard */; };
		B028E89B21F73F2C0049668C /* main.m in Sources */ = {isa = PBXBuildFile; fileRef = B028E89A21F73F2C0049668C /* main.m */; };
		B028E8A621F73F690049668C /* BBSwitch.m in Sources */ = {isa = PBXBuildFile; fileRef = B028E8A521F73F690049668C /* BBSwitch.m */; };
/* End PBXBuildFile section */

/* Begin PBXFileReference section */
		B028E88821F73F2B0049668C /* BBSwitch.app */ = {isa = PBXFileReference; explicitFileType = wrapper.application; includeInIndex = 0; path = BBSwitch.app; sourceTree = BUILT_PRODUCTS_DIR; };
		B028E88B21F73F2B0049668C /* AppDelegate.h */ = {isa = PBXFileReference; lastKnownFileType = sourcecode.c.h; path = AppDelegate.h; sourceTree = "<group>"; };
		B028E88C21F73F2B0049668C /* AppDelegate.m */ = {isa = PBXFileReference; lastKnownFileType = sourcecode.c.objc; path = AppDelegate.m; sourceTree = "<group>"; };
		B028E88E21F73F2B0049668C /* ViewController.h */ = {isa = PBXFileReference; lastKnownFileType = sourcecode.c.h; path = ViewController.h; sourceTree = "<group>"; };
		B028E88F21F73F2B0049668C /* ViewController.m */ = {isa = PBXFileReference; lastKnownFileType = sourcecode.c.objc; path = ViewController.m; sourceTree = "<group>"; };
		B028E89221F73F2B0049668C /* Base */ = {isa = PBXFileReference; lastKnownFileType = file.storyboard; name = Base; path = Base.lproj/Main.storyboard; sourceTree = "<group>"; };
		B028E89421F73F2C0049668C /* Assets.xcassets */ = {isa = PBXFileReference; lastKnownFileType = folder.assetcatalog; path = Assets.xcassets; sourceTree = "<group>"; };
		B028E89721F73F2C0049668C /* Base */ = {isa = PBXFileReference; lastKnownFileType = file.storyboard; name = Base; path = Base.lproj/LaunchScreen.storyboard; sourceTree = "<group>"; };
		B028E89921F73F2C0049668C /* Info.plist */ = {isa = PBXFileReference; lastKnownFileType = text.plist.xml; path = Info.plist; sourceTree = "<group>"; };
		B028E89A21F73F2C0049668C /* main.m */ = {isa = PBXFileReference; lastKnownFileType = sourcecode.c.objc; path = main.m; sourceTree = "<group>"; };
		B028E8A421F73F690049668C /* BBSwitch.h */ = {isa = PBXFileReference; lastKnownFileType = sourcecode.c.h; path = BBSwitch.h; sourceTree = "<group>"; };
		B028E8A521F73F690049668C /* BBSwitch.m */ = {isa = PBXFileReference; lastKnownFileType = sourcecode.c.objc; path = BBSwitch.m; sourceTree = "<group>"; };
/* End PBXFileReference section */

/* Begin PBXFrameworksBuildPhase section */
		B028E88521F73F2B0049668C /* Frameworks */ = {
			isa = PBXFrameworksBuildPhase;
			buildActionMask = 2147483647;
			files = (
			);
			runOnlyForDeploymentPostprocessing = 0;
		};
/* End PBXFrameworksBuildPhase section */

/* Begin PBXGroup section */
		B028E87F21F73F2B0049668C = {
			isa = PBXGroup;
			children = (
				B028E88A21F73F2B0049668C /* BBSwitch */,
				B028E88921F73F2B0049668C /* Products */,
			);
			sourceTree = "<group>";
		};
		B028E88921F73F2B0049668C /* Products */ = {
			isa = PBXGroup;
			children = (
				B028E88821F73F2B0049668C /* BBSwitch.app */,
			);
			name = Products;
			sourceTree = "<group>";
		};
		B028E88A21F73F2B0049668C /* BBSwitch */ = {
			isa = PBXGroup;
			children = (
				B028E88B21F73F2B0049668C /* AppDelegate.h */,
				B028E88C21F73F2B0049668C /* AppDelegate.m */,
				B028E88E21F73F2B0049668C /* ViewController.h */,
				B028E88F21F73F2B0049668C /* ViewController.m */,
				B028E8A421F73F690049668C /* BBSwitch.h */,
				B028E8A521F73F690049668C /* BBSwitch.m */,
				B028E89121F73F2B0049668C /* Main.storyboard */,
				B028E89421F73F2C0049668C /* Assets.xcassets */,
				B028E89621F73F2C0049668C /* LaunchScreen.storyboard */,
				B028E89921F73F2C0049668C /* Info.plist */,
				B028E89A21F73F2C0049668C /* main.m */,
			);
			path = BBSwitch;
			sourceTree = "<group>";
		};
/* End PBXGroup section */

/* Begin PBXNativeTarget section */
		B028E88721F73F2B0049668C /* BBSwitch */ = {
			isa = PBXNativeTarget;
			buildConfigurationList = B028E89E21F73F2C0049668C /* Build configuration list for PBXNativeTarget "BBSwitch" */;
			buildPhases = (
				B028E88421F73F2B0049668C /* Sources */,
				B028E88521F73F2B0049668C /* Frameworks */,
				B028E88621F73F2B0049668C /* Resources */,
			);
			buildRules = (
			);
			dependencies = (
			);
			name = BBSwitch;
			productName = BBSwitch;
			productReference = B028E88821F73F2B0049668C /* BBSwitch.app */;
			productType = "com.apple.product-type.application";
		};
/* End PBXNativeTarget section */

/* Begin PBXProject section */
		B028E88021F73F2B0049668C /* Project object */ = {
			isa = PBXProject;
			attributes = {
				LastUpgradeCheck = 1010;
				ORGANIZATIONNAME = ICE;
				TargetAttributes = {
					B028E88721F73F2B0049668C = {
						CreatedOnToolsVersion = 10.1;
					};
				};
			};
			buildConfigurationList = B028E88321F73F2B0049668C /* Build configuration list for PBXProject "BBSwitch" */;
			compatibilityVersion = "Xcode 9.3";
			developmentRegion = en;
			hasScannedForEncodings = 0;
			knownRegions = (
				en,
				Base,
			);
			mainGroup = B028E87F21F73F2B0049668C;
			productRefGroup = B028E88921F73F2B0049668C /* Products */;
			projectDirPath = "";
			projectRoot = "";
			targets = (
				B028E88721F73F2B0049668C /* BBSwitch */,
			);
		};
/* End PBXProject section */

/* Begin PBXResourcesBuildPhase section */
		B028E88621F73F2B0049668C /* Resources */ = {
			isa = PBXResourcesBuildPhase;
			buildActionMask = 2147483647;
			files = (
				B028E89821F73F2C0049668C /* LaunchScreen.storyboard in Resources */,
				B028E89521F73F2C0049668C /* Assets.xcassets in Resources */,
				B028E89321F73F2B0049668C /* Main.storyboard in Resources */,
			);
			runOnlyForDeploymentPostprocessing = 0;
		};
/* End PBXResourcesBuildPhase section */

/* Begin PBXSourcesBuildPhase section */
		B028E88421F73F2B0049668C /* Sources */ = {
			isa = PBXSourcesBuildPhase;
			buildActionMask = 2147483647;
			files = (
				B028E89021F73F2B0049668C /* ViewController.m in Sources */,
				B028E8A621F73F690049668C /* BBSwitch.m in Sources */,
				B028E89B21F73F2C0049668C /* main.m in Sources */,
				B028E88D21F73F2B0049668C /* AppDelegate.m in Sources */,
			);
			runOnlyForDeploymentPostprocessing = 0;
		};
/* End PBXSourcesBuildPhase section */

/* Begin PBXVariantGroup section */
		B028E89121F73F2B0049668C /* Main.storyboard */ = {
			isa = PBXVariantGroup;
			children = (
				B028E89221F73F2B0049668C /* Base */,
			);
			name = Main.storyboard;
			sourceTree = "<group>";
		};
		B028E89621F73F2C0049668C /* LaunchScreen.storyboard */ = {
			isa = PBXVariantGroup;
			children = (
				B028E89721F73F2C0049668C /* Base */,
			);
			name = LaunchScreen.storyboard;
			sourceTree = "<group>";
		};
/* End PBXVariantGroup section */

/* Begin XCBuildConfiguration section */
		B028E89C21F73F2C0049668C /* Debug */ = {
			isa = XCBuildConfiguration;
			buildSettings = {
				ALWAYS_SEARCH_USER_PATHS = NO;
				CLANG_ANALYZER_NONNULL = YES;
				CLANG_ANALYZER_NUMBER_OBJECT_CONVERSION = YES_AGGRESSIVE;
				CLANG_CXX_LANGUAGE_STANDARD = "gnu++14";
				CLANG_CXX_LIBRARY = "libc++";
				CLANG_ENABLE_MODULES = YES;
				CLANG_ENABLE_OBJC_ARC = YES;
				CLANG_ENABLE_OBJC_WEAK = YES;
				CLANG_WARN_BLOCK_CAPTURE_AUTORELEASING = YES;
				CLANG_WARN_BOOL_CONVERSION = YES;
				CLANG_WARN_COMMA = YES;
				CLANG_WARN_CONSTANT_CONVERSION = YES;
				CLANG_WARN_DEPRECATED_OBJC_IMPLEMENTATIONS = YES;
				CLANG_WARN_DIRECT_OBJC_ISA_USAGE = YES_ERROR;
				CLANG_WARN_DOCUMENTATION_COMMENTS = YES;
				CLANG_WARN_EMPTY_BODY = YES;
				CLANG_WARN_ENUM_CONVERSION = YES;
				CLANG_WARN_INFINITE_RECURSION = YES;
				CLANG_WARN_INT_CONVERSION = YES;
				CLANG_WARN_NON_LITERAL_NULL_CONVERSION = YES;
				CLANG_WARN_OBJC_IMPLICIT_RETAIN_SELF = YES;
				CLANG_WARN_OBJC_LITERAL_CONVERSION = YES;
				CLANG_WARN_OBJC_ROOT_CLASS = YES_ERROR;
				CLANG_WARN_RANGE_LOOP_ANALYSIS = YES;
				CLANG_WARN_STRICT_PROTOTYPES = YES;
				CLANG_WARN_SUSPICIOUS_MOVE = YES;
				CLANG_WARN_UNGUARDED_AVAILABILITY = YES_AGGRESSIVE;
				CLANG_WARN_UNREACHABLE_CODE = YES;
				CLANG_WARN__DUPLICATE_METHOD_MATCH = YES;
				CODE_SIGN_IDENTITY = "iPhone Developer";
				COPY_PHASE_STRIP = NO;
				DEBUG_INFORMATION_FORMAT = dwarf;
				ENABLE_STRICT_OBJC_MSGSEND = YES;
				ENABLE_TESTABILITY = YES;
				GCC_C_LANGUAGE_STANDARD = gnu11;
				GCC_DYNAMIC_NO_PIC = NO;
				GCC_NO_COMMON_BLOCKS = YES;
				GCC_OPTIMIZATION_LEVEL = 0;
				GCC_PREPROCESSOR_DEFINITIONS = (
					"DEBUG=1",
					"$(inherited)",
				);
				GCC_WARN_64_TO_32_BIT_CONVERSION = YES;
				GCC_WARN_ABOUT_RETURN_TYPE = YES_ERROR;
				GCC_WARN_UNDECLARED_SELECTOR = YES;
				GCC_WARN_UNINITIALIZED_AUTOS = YES_AGGRESSIVE;
				GCC_WARN_UNUSED_FUNCTION = YES;
				GCC_WARN_UNUSED_VARIABLE = YES;
				IPHONEOS_DEPLOYMENT_TARGET = 12.1;
				MTL_ENABLE_DEBUG_INFO = INCLUDE_SOURCE;
				MTL_FAST_MATH = YES;
				ONLY_ACTIVE_ARCH = YES;
				SDKROOT = iphoneos;
			};
			name = Debug;
		};
		B028E89D21F73F2C0049668C /* Release */ = {
			isa = XCBuildConfiguration;
			buildSettings = {
				ALWAYS_SEARCH_USER_PATHS = NO;
				CLANG_ANALYZER_NONNULL = YES;
				CLANG_ANALYZER_NUMBER_OBJECT_CONVERSION = YES_AGGRESSIVE;
				CLANG_CXX_LANGUAGE_STANDARD = "gnu++14";
				CLANG_CXX_LIBRARY = "libc++";
				CLANG_ENABLE_MODULES = YES;
				CLANG_ENABLE_OBJC_ARC = YES;
				CLANG_ENABLE_OBJC_WEAK = YES;
				CLANG_WARN_BLOCK_CAPTURE_AUTORELEASING = YES;
				CLANG_WARN_BOOL_CONVERSION = YES;
				CLANG_WARN_COMMA = YES;
				CLANG_WARN_CONSTANT_CONVERSION = YES;
				CLANG_WARN_DEPRECATED_OBJC_IMPLEMENTATIONS = YES;
				CLANG_WARN_DIRECT_OBJC_ISA_USAGE = YES_ERROR;
				CLANG_WARN_DOCUMENTATION_COMMENTS = YES;
				CLANG_WARN_EMPTY_BODY = YES;
				CLANG_WARN_ENUM_CONVERSION = YES;
				CLANG_WARN_INFINITE_RECURSION = YES;
				CLANG_WARN_INT_CONVERSION = YES;
				CLANG_WARN_NON_LITERAL_NULL_CONVERSION = YES;
				CLANG_WARN_OBJC_IMPLICIT_RETAIN_SELF = YES;
				CLANG_WARN_OBJC_LITERAL_CONVERSION = YES;
				CLANG_WARN_OBJC_ROOT_CLASS = YES_ERROR;
				CLANG_WARN_RANGE_LOOP_ANALYSIS = YES;
				CLANG_WARN_STRICT_PROTOTYPES = YES;
				CLANG_WARN_SUSPICIOUS_MOVE = YES;
				CLANG_WARN_UNGUARDED_AVAILABILITY = YES_AGGRESSIVE;
				CLANG_WARN_UNREACHABLE_CODE = YES;
				CLANG_WARN__DUPLICATE_METHOD_MATCH = YES;
				CODE_SIGN_IDENTITY = "iPhone Developer";
				COPY_PHASE_STRIP = NO;
				DEBUG_INFORMATION_FORMAT = "dwarf-with-dsym";
				ENABLE_NS_ASSERTIONS = NO;
				ENABLE_STRICT_OBJC_MSGSEND = YES;
				GCC_C_LANGUAGE_STANDARD = gnu11;
				GCC_NO_COMMON_BLOCKS = YES;
				GCC_WARN_64_TO_32_BIT_CONVERSION = YES;
				GCC_WARN_ABOUT_RETURN_TYPE = YES_ERROR;
				GCC_WARN_UNDECLARED_SELECTOR = YES;
				GCC_WARN_UNINITIALIZED_AUTOS = YES_AGGRESSIVE;
				GCC_WARN_UNUSED_FUNCTION = YES;
				GCC_WARN_UNUSED_VARIABLE = YES;
				IPHONEOS_DEPLOYMENT_TARGET = 12.1;
				MTL_ENABLE_DEBUG_INFO = NO;
				MTL_FAST_MATH = YES;
				SDKROOT = iphoneos;
				VALIDATE_PRODUCT = YES;
			};
			name = Release;
		};
		B028E89F21F73F2C0049668C /* Debug */ = {
			isa = XCBuildConfiguration;
			buildSettings = {
				ASSETCATALOG_COMPILER_APPICON_NAME = AppIcon;
				CODE_SIGN_STYLE = Automatic;
				INFOPLIST_FILE = BBSwitch/Info.plist;
				LD_RUNPATH_SEARCH_PATHS = (
					"$(inherited)",
					"@executable_path/Frameworks",
				);
				PRODUCT_BUNDLE_IDENTIFIER = com.ice.BBSwitch;
				PRODUCT_NAME = "$(TARGET_NAME)";
				TARGETED_DEVICE_FAMILY = "1,2";
			};
			name = Debug;
		};
		B028E8A021F73F2C0049668C /* Release */ = {
			isa = XCBuildConfiguration;
			buildSettings = {
				ASSETCATALOG_COMPILER_APPICON_NAME = AppIcon;
				CODE_SIGN_STYLE = Automatic;
				INFOPLIST_FILE = BBSwitch/Info.plist;
				LD_RUNPATH_SEARCH_PATHS = (
					"$(inherited)",
					"@executable_path/Frameworks",
				);
				PRODUCT_BUNDLE_IDENTIFIER = com.ice.BBSwitch;
				PRODUCT_NAME = "$(TARGET_NAME)";
				TARGETED_DEVICE_FAMILY = "1,2";
			};
			name = Release;
		};
/* End XCBuildConfiguration section */

/* Begin XCConfigurationList section */
		B028E88321F73F2B0049668C /* Build configuration list for PBXProject "BBSwitch" */ = {
			isa = XCConfigurationList;
			buildConfigurations = (
				B028E89C21F73F2C0049668C /* Debug */,
				B028E89D21F73F2C0049668C /* Release */,
			);
			defaultConfigurationIsVisible = 0;
			defaultConfigurationName = Release;
		};
		B028E89E21F73F2C0049668C /* Build configuration list for PBXNativeTarget "BBSwitch" */ = {
			isa = XCConfigurationList;
			buildConfigurations = (
				B028E89F21F73F2C0049668C /* Debug */,
				B028E8A021F73F2C0049668C /* Release */,
			);
			defaultConfigurationIsVisible = 0;
			defaultConfigurationName = Release;
		};
/* End XCConfigurationList section */
	};
	rootObject = B028E88021F73F2B0049668C /* Project object */;
}
